
Microsoft Visual Studio Solution File, Format Version 12.00
# Visual Studio 14
VisualStudioVersion = 14.0.22512.0
MinimumVisualStudioVersion = 10.0.40219.1
Project("{FAE04EC0-301F-11D3-BF4B-00C04F79EFBC}") = "HoloPedia", "HoloPedia\HoloPedia.csproj", "{13A45C13-3265-47B8-BC48-A553B569DF55}"
		{a3a8658c-deb9-4e5a-bfc5-c459da57e127} = {a3a8658c-deb9-4e5a-bfc5-c459da57e127}
		{4454d2b8-9c7d-404a-b6d0-73ee0d67afba} = {4454d2b8-9c7d-404a-b6d0-73ee0d67afba}
EndProject
Project("{FAE04EC0-301F-11D3-BF4B-00C04F79EFBC}") = "Assembly-CSharp", "C:\DATA\170718_YoloLens-Road-To-Manchester\HoloPedia\App\GeneratedProjects\UWP\Assembly-CSharp\Assembly-CSharp.csproj", "{a3a8658c-deb9-4e5a-bfc5-c459da57e127}"
EndProject
Project("{FAE04EC0-301F-11D3-BF4B-00C04F79EFBC}") = "Assembly-CSharp-firstpass", "C:\DATA\170718_YoloLens-Road-To-Manchester\HoloPedia\App\GeneratedProjects\UWP\Assembly-CSharp-firstpass\Assembly-CSharp-firstpass.csproj", "{4454d2b8-9c7d-404a-b6d0-73ee0d67afba}"
EndProject
Global
	GlobalSection(SolutionConfigurationPlatforms) = preSolution
		Debug|ARM = Debug|ARM
		Debug|x64 = Debug|x64
		Debug|x86 = Debug|x86
		Master|ARM = Master|ARM
		Master|x64 = Master|x64
		Master|x86 = Master|x86
		Release|ARM = Release|ARM
		Release|x64 = Release|x64
		Release|x86 = Release|x86
	EndGlobalSection
	GlobalSection(ProjectConfigurationPlatforms) = postSolution
		{13A45C13-3265-47B8-BC48-A553B569DF55}.Debug|ARM.ActiveCfg = Debug|ARM
		{13A45C13-3265-47B8-BC48-A553B569DF55}.Debug|ARM.Build.0 = Debug|ARM
		{13A45C13-3265-47B8-BC48-A553B569DF55}.Debug|ARM.Deploy.0 = Debug|ARM
		{13A45C13-3265-47B8-BC48-A553B569DF55}.Debug|x64.ActiveCfg = Debug|x64
		{13A45C13-3265-47B8-BC48-A553B569DF55}.Debug|x64.Build.0 = Debug|x64
		{13A45C13-3265-47B8-BC48-A553B569DF55}.Debug|x64.Deploy.0 = Debug|x64
		{13A45C13-3265-47B8-BC48-A553B569DF55}.Debug|x86.ActiveCfg = Debug|x86
		{13A45C13-3265-47B8-BC48-A553B569DF55}.Debug|x86.Build.0 = Debug|x86
		{13A45C13-3265-47B8-BC48-A553B569DF55}.Debug|x86.Deploy.0 = Debug|x86
		{13A45C13-3265-47B8-BC48-A553B569DF55}.Master|ARM.ActiveCfg = Master|ARM
		{13A45C13-3265-47B8-BC48-A553B569DF55}.Master|ARM.Build.0 = Master|ARM
		{13A45C13-3265-47B8-BC48-A553B569DF55}.Master|ARM.Deploy.0 = Master|ARM
		{13A45C13-3265-47B8-BC48-A553B569DF55}.Master|x64.ActiveCfg = Master|x64
		{13A45C13-3265-47B8-BC48-A553B569DF55}.Master|x64.Build.0 = Master|x64
		{13A45C13-3265-47B8-BC48-A553B569DF55}.Master|x64.Deploy.0 = Master|x64
		{13A45C13-3265-47B8-BC48-A553B569DF55}.Master|x86.ActiveCfg = Master|x86
		{13A45C13-3265-47B8-BC48-A553B569DF55}.Master|x86.Build.0 = Master|x86
		{13A45C13-3265-47B8-BC48-A553B569DF55}.Master|x86.Deploy.0 = Master|x86
		{13A45C13-3265-47B8-BC48-A553B569DF55}.Release|ARM.ActiveCfg = Release|ARM
		{13A45C13-3265-47B8-BC48-A553B569DF55}.Release|ARM.Build.0 = Release|ARM
		{13A45C13-3265-47B8-BC48-A553B569DF55}.Release|ARM.Deploy.0 = Release|ARM
		{13A45C13-3265-47B8-BC48-A553B569DF55}.Release|x64.ActiveCfg = Release|x64
		{13A45C13-3265-47B8-BC48-A553B569DF55}.Release|x64.Build.0 = Release|x64
		{13A45C13-3265-47B8-BC48-A553B569DF55}.Release|x64.Deploy.0 = Release|x64
		{13A45C13-3265-47B8-BC48-A553B569DF55}.Release|x86.ActiveCfg = Release|x86
		{13A45C13-3265-47B8-BC48-A553B569DF55}.Release|x86.Build.0 = Release|x86
		{13A45C13-3265-47B8-BC48-A553B569DF55}.Release|x86.Deploy.0 = Release|x86
		{a3a8658c-deb9-4e5a-bfc5-c459da57e127}.Debug|x86.ActiveCfg = Debug|x86
		{a3a8658c-deb9-4e5a-bfc5-c459da57e127}.Debug|x86.Build.0 = Debug|x86
		{a3a8658c-deb9-4e5a-bfc5-c459da57e127}.Release|x86.ActiveCfg = Release|x86
		{a3a8658c-deb9-4e5a-bfc5-c459da57e127}.Release|x86.Build.0 = Release|x86
		{a3a8658c-deb9-4e5a-bfc5-c459da57e127}.Master|x86.ActiveCfg = Master|x86
		{a3a8658c-deb9-4e5a-bfc5-c459da57e127}.Master|x86.Build.0 = Master|x86
		{a3a8658c-deb9-4e5a-bfc5-c459da57e127}.Debug|x64.ActiveCfg = Debug|x64
		{a3a8658c-deb9-4e5a-bfc5-c459da57e127}.Debug|x64.Build.0 = Debug|x64
		{a3a8658c-deb9-4e5a-bfc5-c459da57e127}.Release|x64.ActiveCfg = Release|x64
		{a3a8658c-deb9-4e5a-bfc5-c459da57e127}.Release|x64.Build.0 = Release|x64
		{a3a8658c-deb9-4e5a-bfc5-c459da57e127}.Master|x64.ActiveCfg = Master|x64
		{a3a8658c-deb9-4e5a-bfc5-c459da57e127}.Master|x64.Build.0 = Master|x64
		{a3a8658c-deb9-4e5a-bfc5-c459da57e127}.Debug|ARM.ActiveCfg = Debug|ARM
		{a3a8658c-deb9-4e5a-bfc5-c459da57e127}.Debug|ARM.Build.0 = Debug|ARM
		{a3a8658c-deb9-4e5a-bfc5-c459da57e127}.Release|ARM.ActiveCfg = Release|ARM
		{a3a8658c-deb9-4e5a-bfc5-c459da57e127}.Release|ARM.Build.0 = Release|ARM
		{a3a8658c-deb9-4e5a-bfc5-c459da57e127}.Master|ARM.ActiveCfg = Master|ARM
		{a3a8658c-deb9-4e5a-bfc5-c459da57e127}.Master|ARM.Build.0 = Master|ARM
		{4454d2b8-9c7d-404a-b6d0-73ee0d67afba}.Debug|x86.ActiveCfg = Debug|x86
		{4454d2b8-9c7d-404a-b6d0-73ee0d67afba}.Debug|x86.Build.0 = Debug|x86
		{4454d2b8-9c7d-404a-b6d0-73ee0d67afba}.Release|x86.ActiveCfg = Release|x86
		{4454d2b8-9c7d-404a-b6d0-73ee0d67afba}.Release|x86.Build.0 = Release|x86
		{4454d2b8-9c7d-404a-b6d0-73ee0d67afba}.Master|x86.ActiveCfg = Master|x86
		{4454d2b8-9c7d-404a-b6d0-73ee0d67afba}.Master|x86.Build.0 = Master|x86
		{4454d2b8-9c7d-404a-b6d0-73ee0d67afba}.Debug|ARM.ActiveCfg = Debug|ARM
		{4454d2b8-9c7d-404a-b6d0-73ee0d67afba}.Debug|ARM.Build.0 = Debug|ARM
		{4454d2b8-9c7d-404a-b6d0-73ee0d67afba}.Release|ARM.ActiveCfg = Release|ARM
		{4454d2b8-9c7d-404a-b6d0-73ee0d67afba}.Release|ARM.Build.0 = Release|ARM
		{4454d2b8-9c7d-404a-b6d0-73ee0d67afba}.Master|ARM.ActiveCfg = Master|ARM
		{4454d2b8-9c7d-404a-b6d0-73ee0d67afba}.Master|ARM.Build.0 = Master|ARM
 EndGlobalSection
	GlobalSection(SolutionProperties) = preSolution
		HideSolutionNode = FALSE
	EndGlobalSection
EndGlobal
