
Microsoft Visual Studio Solution File, Format Version 12.00
# Visual Studio 14
VisualStudioVersion = 14.0.22512.0
MinimumVisualStudioVersion = 10.0.40219.1
Project("{FAE04EC0-301F-11D3-BF4B-00C04F79EFBC}") = "HoloPedia", "HoloPedia\HoloPedia.csproj", "{13A45C13-3265-47B8-BC48-A553B569DF55}"
		{2eed132b-4371-43ed-91d8-143eafaea9e8} = {2eed132b-4371-43ed-91d8-143eafaea9e8}
		{906e069a-a6c9-4e81-8a2e-00dcd598fc01} = {906e069a-a6c9-4e81-8a2e-00dcd598fc01}
EndProject
Project("{FAE04EC0-301F-11D3-BF4B-00C04F79EFBC}") = "Assembly-CSharp", "C:\DATA\170718_YoloLens-Road-To-Manchester\HoloPedia\App\GeneratedProjects\UWP\Assembly-CSharp\Assembly-CSharp.csproj", "{2eed132b-4371-43ed-91d8-143eafaea9e8}"
EndProject
Project("{FAE04EC0-301F-11D3-BF4B-00C04F79EFBC}") = "Assembly-CSharp-firstpass", "C:\DATA\170718_YoloLens-Road-To-Manchester\HoloPedia\App\GeneratedProjects\UWP\Assembly-CSharp-firstpass\Assembly-CSharp-firstpass.csproj", "{906e069a-a6c9-4e81-8a2e-00dcd598fc01}"
EndProject
Global
	GlobalSection(SolutionConfigurationPlatforms) = preSolution
		Debug|ARM = Debug|ARM
		Debug|x64 = Debug|x64
		Debug|x86 = Debug|x86
		Master|ARM = Master|ARM
		Master|x64 = Master|x64
		Master|x86 = Master|x86
		Release|ARM = Release|ARM
		Release|x64 = Release|x64
		Release|x86 = Release|x86
	EndGlobalSection
	GlobalSection(ProjectConfigurationPlatforms) = postSolution
		{13A45C13-3265-47B8-BC48-A553B569DF55}.Debug|ARM.ActiveCfg = Debug|ARM
		{13A45C13-3265-47B8-BC48-A553B569DF55}.Debug|ARM.Build.0 = Debug|ARM
		{13A45C13-3265-47B8-BC48-A553B569DF55}.Debug|ARM.Deploy.0 = Debug|ARM
		{13A45C13-3265-47B8-BC48-A553B569DF55}.Debug|x64.ActiveCfg = Debug|x64
		{13A45C13-3265-47B8-BC48-A553B569DF55}.Debug|x64.Build.0 = Debug|x64
		{13A45C13-3265-47B8-BC48-A553B569DF55}.Debug|x64.Deploy.0 = Debug|x64
		{13A45C13-3265-47B8-BC48-A553B569DF55}.Debug|x86.ActiveCfg = Debug|x86
		{13A45C13-3265-47B8-BC48-A553B569DF55}.Debug|x86.Build.0 = Debug|x86
		{13A45C13-3265-47B8-BC48-A553B569DF55}.Debug|x86.Deploy.0 = Debug|x86
		{13A45C13-3265-47B8-BC48-A553B569DF55}.Master|ARM.ActiveCfg = Master|ARM
		{13A45C13-3265-47B8-BC48-A553B569DF55}.Master|ARM.Build.0 = Master|ARM
		{13A45C13-3265-47B8-BC48-A553B569DF55}.Master|ARM.Deploy.0 = Master|ARM
		{13A45C13-3265-47B8-BC48-A553B569DF55}.Master|x64.ActiveCfg = Master|x64
		{13A45C13-3265-47B8-BC48-A553B569DF55}.Master|x64.Build.0 = Master|x64
		{13A45C13-3265-47B8-BC48-A553B569DF55}.Master|x64.Deploy.0 = Master|x64
		{13A45C13-3265-47B8-BC48-A553B569DF55}.Master|x86.ActiveCfg = Master|x86
		{13A45C13-3265-47B8-BC48-A553B569DF55}.Master|x86.Build.0 = Master|x86
		{13A45C13-3265-47B8-BC48-A553B569DF55}.Master|x86.Deploy.0 = Master|x86
		{13A45C13-3265-47B8-BC48-A553B569DF55}.Release|ARM.ActiveCfg = Release|ARM
		{13A45C13-3265-47B8-BC48-A553B569DF55}.Release|ARM.Build.0 = Release|ARM
		{13A45C13-3265-47B8-BC48-A553B569DF55}.Release|ARM.Deploy.0 = Release|ARM
		{13A45C13-3265-47B8-BC48-A553B569DF55}.Release|x64.ActiveCfg = Release|x64
		{13A45C13-3265-47B8-BC48-A553B569DF55}.Release|x64.Build.0 = Release|x64
		{13A45C13-3265-47B8-BC48-A553B569DF55}.Release|x64.Deploy.0 = Release|x64
		{13A45C13-3265-47B8-BC48-A553B569DF55}.Release|x86.ActiveCfg = Release|x86
		{13A45C13-3265-47B8-BC48-A553B569DF55}.Release|x86.Build.0 = Release|x86
		{13A45C13-3265-47B8-BC48-A553B569DF55}.Release|x86.Deploy.0 = Release|x86
		{2eed132b-4371-43ed-91d8-143eafaea9e8}.Debug|x86.ActiveCfg = Debug|x86
		{2eed132b-4371-43ed-91d8-143eafaea9e8}.Debug|x86.Build.0 = Debug|x86
		{2eed132b-4371-43ed-91d8-143eafaea9e8}.Release|x86.ActiveCfg = Release|x86
		{2eed132b-4371-43ed-91d8-143eafaea9e8}.Release|x86.Build.0 = Release|x86
		{2eed132b-4371-43ed-91d8-143eafaea9e8}.Master|x86.ActiveCfg = Master|x86
		{2eed132b-4371-43ed-91d8-143eafaea9e8}.Master|x86.Build.0 = Master|x86
		{2eed132b-4371-43ed-91d8-143eafaea9e8}.Debug|x64.ActiveCfg = Debug|x64
		{2eed132b-4371-43ed-91d8-143eafaea9e8}.Debug|x64.Build.0 = Debug|x64
		{2eed132b-4371-43ed-91d8-143eafaea9e8}.Release|x64.ActiveCfg = Release|x64
		{2eed132b-4371-43ed-91d8-143eafaea9e8}.Release|x64.Build.0 = Release|x64
		{2eed132b-4371-43ed-91d8-143eafaea9e8}.Master|x64.ActiveCfg = Master|x64
		{2eed132b-4371-43ed-91d8-143eafaea9e8}.Master|x64.Build.0 = Master|x64
		{2eed132b-4371-43ed-91d8-143eafaea9e8}.Debug|ARM.ActiveCfg = Debug|ARM
		{2eed132b-4371-43ed-91d8-143eafaea9e8}.Debug|ARM.Build.0 = Debug|ARM
		{2eed132b-4371-43ed-91d8-143eafaea9e8}.Release|ARM.ActiveCfg = Release|ARM
		{2eed132b-4371-43ed-91d8-143eafaea9e8}.Release|ARM.Build.0 = Release|ARM
		{2eed132b-4371-43ed-91d8-143eafaea9e8}.Master|ARM.ActiveCfg = Master|ARM
		{2eed132b-4371-43ed-91d8-143eafaea9e8}.Master|ARM.Build.0 = Master|ARM
		{906e069a-a6c9-4e81-8a2e-00dcd598fc01}.Debug|x86.ActiveCfg = Debug|x86
		{906e069a-a6c9-4e81-8a2e-00dcd598fc01}.Debug|x86.Build.0 = Debug|x86
		{906e069a-a6c9-4e81-8a2e-00dcd598fc01}.Release|x86.ActiveCfg = Release|x86
		{906e069a-a6c9-4e81-8a2e-00dcd598fc01}.Release|x86.Build.0 = Release|x86
		{906e069a-a6c9-4e81-8a2e-00dcd598fc01}.Master|x86.ActiveCfg = Master|x86
		{906e069a-a6c9-4e81-8a2e-00dcd598fc01}.Master|x86.Build.0 = Master|x86
		{906e069a-a6c9-4e81-8a2e-00dcd598fc01}.Debug|ARM.ActiveCfg = Debug|ARM
		{906e069a-a6c9-4e81-8a2e-00dcd598fc01}.Debug|ARM.Build.0 = Debug|ARM
		{906e069a-a6c9-4e81-8a2e-00dcd598fc01}.Release|ARM.ActiveCfg = Release|ARM
		{906e069a-a6c9-4e81-8a2e-00dcd598fc01}.Release|ARM.Build.0 = Release|ARM
		{906e069a-a6c9-4e81-8a2e-00dcd598fc01}.Master|ARM.ActiveCfg = Master|ARM
		{906e069a-a6c9-4e81-8a2e-00dcd598fc01}.Master|ARM.Build.0 = Master|ARM
 EndGlobalSection
	GlobalSection(SolutionProperties) = preSolution
		HideSolutionNode = FALSE
	EndGlobalSection
EndGlobal
